// !$*UTF8*$!
{
	archiveVersion = 1;
	classes = {
	};
	objectVersion = 50;
	objects = {

/* Begin PBXBuildFile section */
		788DADA02771FA9900D3C37D /* AppDelegate.m in Sources */ = {isa = PBXBuildFile; fileRef = 788DAD9F2771FA9900D3C37D /* AppDelegate.m */; };
		788DADA32771FA9900D3C37D /* SceneDelegate.m in Sources */ = {isa = PBXBuildFile; fileRef = 788DADA22771FA9900D3C37D /* SceneDelegate.m */; };
		788DADA62771FA9900D3C37D /* ViewController.m in Sources */ = {isa = PBXBuildFile; fileRef = 788DADA52771FA9900D3C37D /* ViewController.m */; };
		788DADA92771FA9900D3C37D /* Main.storyboard in Resources */ = {isa = PBXBuildFile; fileRef = 788DADA72771FA9900D3C37D /* Main.storyboard */; };
		788DADAB2771FA9A00D3C37D /* Assets.xcassets in Resources */ = {isa = PBXBuildFile; fileRef = 788DADAA2771FA9A00D3C37D /* Assets.xcassets */; };
		788DADAE2771FA9A00D3C37D /* LaunchScreen.storyboard in Resources */ = {isa = PBXBuildFile; fileRef = 788DADAC2771FA9A00D3C37D /* LaunchScreen.storyboard */; };
		788DADB12771FA9A00D3C37D /* main.m in Sources */ = {isa = PBXBuildFile; fileRef = 788DADB02771FA9A00D3C37D /* main.m */; };
		788DADBA2771FC6700D3C37D /* AIMultiDelegate.m in Sources */ = {isa = PBXBuildFile; fileRef = 788DADB92771FC6700D3C37D /* AIMultiDelegate.m */; };
		788DADBF2771FFB000D3C37D /* ThirdpartyManager.m in Sources */ = {isa = PBXBuildFile; fileRef = 788DADBE2771FFB000D3C37D /* ThirdpartyManager.m */; };
		788DADCB2772137B00D3C37D /* ThirdpartyManager+AIMultiDelegate.m in Sources */ = {isa = PBXBuildFile; fileRef = 788DADCA2772137B00D3C37D /* ThirdpartyManager+AIMultiDelegate.m */; };
		788DADCE2772190700D3C37D /* NextViewController.m in Sources */ = {isa = PBXBuildFile; fileRef = 788DADCD2772190700D3C37D /* NextViewController.m */; };
/* End PBXBuildFile section */

/* Begin PBXFileReference section */
		788DAD9B2771FA9900D3C37D /* MultiDelegateDemo.app */ = {isa = PBXFileReference; explicitFileType = wrapper.application; includeInIndex = 0; path = MultiDelegateDemo.app; sourceTree = BUILT_PRODUCTS_DIR; };
		788DAD9E2771FA9900D3C37D /* AppDelegate.h */ = {isa = PBXFileReference; lastKnownFileType = sourcecode.c.h; path = AppDelegate.h; sourceTree = "<group>"; };
		788DAD9F2771FA9900D3C37D /* AppDelegate.m */ = {isa = PBXFileReference; lastKnownFileType = sourcecode.c.objc; path = AppDelegate.m; sourceTree = "<group>"; };
		788DADA12771FA9900D3C37D /* SceneDelegate.h */ = {isa = PBXFileReference; lastKnownFileType = sourcecode.c.h; path = SceneDelegate.h; sourceTree = "<group>"; };
		788DADA22771FA9900D3C37D /* SceneDelegate.m */ = {isa = PBXFileReference; lastKnownFileType = sourcecode.c.objc; path = SceneDelegate.m; sourceTree = "<group>"; };
		788DADA42771FA9900D3C37D /* ViewController.h */ = {isa = PBXFileReference; lastKnownFileType = sourcecode.c.h; path = ViewController.h; sourceTree = "<group>"; };
		788DADA52771FA9900D3C37D /* ViewController.m */ = {isa = PBXFileReference; lastKnownFileType = sourcecode.c.objc; path = ViewController.m; sourceTree = "<group>"; };
		788DADA82771FA9900D3C37D /* Base */ = {isa = PBXFileReference; lastKnownFileType = file.storyboard; name = Base; path = Base.lproj/Main.storyboard; sourceTree = "<group>"; };
		788DADAA2771FA9A00D3C37D /* Assets.xcassets */ = {isa = PBXFileReference; lastKnownFileType = folder.assetcatalog; path = Assets.xcassets; sourceTree = "<group>"; };
		788DADAD2771FA9A00D3C37D /* Base */ = {isa = PBXFileReference; lastKnownFileType = file.storyboard; name = Base; path = Base.lproj/LaunchScreen.storyboard; sourceTree = "<group>"; };
		788DADAF2771FA9A00D3C37D /* Info.plist */ = {isa = PBXFileReference; lastKnownFileType = text.plist.xml; path = Info.plist; sourceTree = "<group>"; };
		788DADB02771FA9A00D3C37D /* main.m */ = {isa = PBXFileReference; lastKnownFileType = sourcecode.c.objc; path = main.m; sourceTree = "<group>"; };
		788DADB82771FC6700D3C37D /* AIMultiDelegate.h */ = {isa = PBXFileReference; fileEncoding = 4; lastKnownFileType = sourcecode.c.h; path = AIMultiDelegate.h; sourceTree = "<group>"; };
		788DADB92771FC6700D3C37D /* AIMultiDelegate.m */ = {isa = PBXFileReference; fileEncoding = 4; lastKnownFileType = sourcecode.c.objc; path = AIMultiDelegate.m; sourceTree = "<group>"; };
		788DADBD2771FFB000D3C37D /* ThirdpartyManager.h */ = {isa = PBXFileReference; lastKnownFileType = sourcecode.c.h; path = ThirdpartyManager.h; sourceTree = "<group>"; };
		788DADBE2771FFB000D3C37D /* ThirdpartyManager.m */ = {isa = PBXFileReference; lastKnownFileType = sourcecode.c.objc; path = ThirdpartyManager.m; sourceTree = "<group>"; };
		788DADC92772137B00D3C37D /* ThirdpartyManager+AIMultiDelegate.h */ = {isa = PBXFileReference; lastKnownFileType = sourcecode.c.h; path = "ThirdpartyManager+AIMultiDelegate.h"; sourceTree = "<group>"; };
		788DADCA2772137B00D3C37D /* ThirdpartyManager+AIMultiDelegate.m */ = {isa = PBXFileReference; lastKnownFileType = sourcecode.c.objc; path = "ThirdpartyManager+AIMultiDelegate.m"; sourceTree = "<group>"; };
		788DADCC2772190700D3C37D /* NextViewController.h */ = {isa = PBXFileReference; lastKnownFileType = sourcecode.c.h; path = NextViewController.h; sourceTree = "<group>"; };
		788DADCD2772190700D3C37D /* NextViewController.m */ = {isa = PBXFileReference; lastKnownFileType = sourcecode.c.objc; path = NextViewController.m; sourceTree = "<group>"; };
/* End PBXFileReference section */

/* Begin PBXFrameworksBuildPhase section */
		788DAD982771FA9900D3C37D /* Frameworks */ = {
			isa = PBXFrameworksBuildPhase;
			buildActionMask = 2147483647;
			files = (
			);
			runOnlyForDeploymentPostprocessing = 0;
		};
/* End PBXFrameworksBuildPhase section */

/* Begin PBXGroup section */
		788DAD922771FA9900D3C37D = {
			isa = PBXGroup;
			children = (
				788DAD9D2771FA9900D3C37D /* MultiDelegateDemo */,
				788DAD9C2771FA9900D3C37D /* Products */,
			);
			sourceTree = "<group>";
		};
		788DAD9C2771FA9900D3C37D /* Products */ = {
			isa = PBXGroup;
			children = (
				788DAD9B2771FA9900D3C37D /* MultiDelegateDemo.app */,
			);
			name = Products;
			sourceTree = "<group>";
		};
		788DAD9D2771FA9900D3C37D /* MultiDelegateDemo */ = {
			isa = PBXGroup;
			children = (
				788DADBB2771FCF700D3C37D /* ThirdParty */,
				788DADB72771FC6700D3C37D /* MultiDelegate */,
				788DAD9E2771FA9900D3C37D /* AppDelegate.h */,
				788DAD9F2771FA9900D3C37D /* AppDelegate.m */,
				788DADA12771FA9900D3C37D /* SceneDelegate.h */,
				788DADA22771FA9900D3C37D /* SceneDelegate.m */,
				788DADA42771FA9900D3C37D /* ViewController.h */,
				788DADA52771FA9900D3C37D /* ViewController.m */,
				788DADCC2772190700D3C37D /* NextViewController.h */,
				788DADCD2772190700D3C37D /* NextViewController.m */,
				788DADC92772137B00D3C37D /* ThirdpartyManager+AIMultiDelegate.h */,
				788DADCA2772137B00D3C37D /* ThirdpartyManager+AIMultiDelegate.m */,
				788DADA72771FA9900D3C37D /* Main.storyboard */,
				788DADAA2771FA9A00D3C37D /* Assets.xcassets */,
				788DADAC2771FA9A00D3C37D /* LaunchScreen.storyboard */,
				788DADAF2771FA9A00D3C37D /* Info.plist */,
				788DADB02771FA9A00D3C37D /* main.m */,
			);
			path = MultiDelegateDemo;
			sourceTree = "<group>";
		};
		788DADB72771FC6700D3C37D /* MultiDelegate */ = {
			isa = PBXGroup;
			children = (
				788DADB82771FC6700D3C37D /* AIMultiDelegate.h */,
				788DADB92771FC6700D3C37D /* AIMultiDelegate.m */,
			);
			path = MultiDelegate;
			sourceTree = "<group>";
		};
		788DADBB2771FCF700D3C37D /* ThirdParty */ = {
			isa = PBXGroup;
			children = (
				788DADBD2771FFB000D3C37D /* ThirdpartyManager.h */,
				788DADBE2771FFB000D3C37D /* ThirdpartyManager.m */,
			);
			path = ThirdParty;
			sourceTree = "<group>";
		};
/* End PBXGroup section */

/* Begin PBXNativeTarget section */
		788DAD9A2771FA9900D3C37D /* MultiDelegateDemo */ = {
			isa = PBXNativeTarget;
			buildConfigurationList = 788DADB42771FA9A00D3C37D /* Build configuration list for PBXNativeTarget "MultiDelegateDemo" */;
			buildPhases = (
				788DAD972771FA9900D3C37D /* Sources */,
				788DAD982771FA9900D3C37D /* Frameworks */,
				788DAD992771FA9900D3C37D /* Resources */,
			);
			buildRules = (
			);
			dependencies = (
			);
			name = MultiDelegateDemo;
			productName = MultiDelegateDemo;
			productReference = 788DAD9B2771FA9900D3C37D /* MultiDelegateDemo.app */;
			productType = "com.apple.product-type.application";
		};
/* End PBXNativeTarget section */

/* Begin PBXProject section */
		788DAD932771FA9900D3C37D /* Project object */ = {
			isa = PBXProject;
			attributes = {
				LastUpgradeCheck = 1250;
				TargetAttributes = {
					788DAD9A2771FA9900D3C37D = {
						CreatedOnToolsVersion = 12.5.1;
					};
				};
			};
			buildConfigurationList = 788DAD962771FA9900D3C37D /* Build configuration list for PBXProject "MultiDelegateDemo" */;
			compatibilityVersion = "Xcode 9.3";
			developmentRegion = en;
			hasScannedForEncodings = 0;
			knownRegions = (
				en,
				Base,
			);
			mainGroup = 788DAD922771FA9900D3C37D;
			productRefGroup = 788DAD9C2771FA9900D3C37D /* Products */;
			projectDirPath = "";
			projectRoot = "";
			targets = (
				788DAD9A2771FA9900D3C37D /* MultiDelegateDemo */,
			);
		};
/* End PBXProject section */

/* Begin PBXResourcesBuildPhase section */
		788DAD992771FA9900D3C37D /* Resources */ = {
			isa = PBXResourcesBuildPhase;
			buildActionMask = 2147483647;
			files = (
				788DADAE2771FA9A00D3C37D /* LaunchScreen.storyboard in Resources */,
				788DADAB2771FA9A00D3C37D /* Assets.xcassets in Resources */,
				788DADA92771FA9900D3C37D /* Main.storyboard in Resources */,
			);
			runOnlyForDeploymentPostprocessing = 0;
		};
/* End PBXResourcesBuildPhase section */

/* Begin PBXSourcesBuildPhase section */
		788DAD972771FA9900D3C37D /* Sources */ = {
			isa = PBXSourcesBuildPhase;
			buildActionMask = 2147483647;
			files = (
				788DADBF2771FFB000D3C37D /* ThirdpartyManager.m in Sources */,
				788DADA62771FA9900D3C37D /* ViewController.m in Sources */,
				788DADA02771FA9900D3C37D /* AppDelegate.m in Sources */,
				788DADCB2772137B00D3C37D /* ThirdpartyManager+AIMultiDelegate.m in Sources */,
				788DADBA2771FC6700D3C37D /* AIMultiDelegate.m in Sources */,
				788DADCE2772190700D3C37D /* NextViewController.m in Sources */,
				788DADB12771FA9A00D3C37D /* main.m in Sources */,
				788DADA32771FA9900D3C37D /* SceneDelegate.m in Sources */,
			);
			runOnlyForDeploymentPostprocessing = 0;
		};
/* End PBXSourcesBuildPhase section */

/* Begin PBXVariantGroup section */
		788DADA72771FA9900D3C37D /* Main.storyboard */ = {
			isa = PBXVariantGroup;
			children = (
				788DADA82771FA9900D3C37D /* Base */,
			);
			name = Main.storyboard;
			sourceTree = "<group>";
		};
		788DADAC2771FA9A00D3C37D /* LaunchScreen.storyboard */ = {
			isa = PBXVariantGroup;
			children = (
				788DADAD2771FA9A00D3C37D /* Base */,
			);
			name = LaunchScreen.storyboard;
			sourceTree = "<group>";
		};
/* End PBXVariantGroup section */

/* Begin XCBuildConfiguration section */
		788DADB22771FA9A00D3C37D /* Debug */ = {
			isa = XCBuildConfiguration;
			buildSettings = {
				ALWAYS_SEARCH_USER_PATHS = NO;
				CLANG_ANALYZER_NONNULL = YES;
				CLANG_ANALYZER_NUMBER_OBJECT_CONVERSION = YES_AGGRESSIVE;
				CLANG_CXX_LANGUAGE_STANDARD = "gnu++14";
				CLANG_CXX_LIBRARY = "libc++";
				CLANG_ENABLE_MODULES = YES;
				CLANG_ENABLE_OBJC_ARC = YES;
				CLANG_ENABLE_OBJC_WEAK = YES;
				CLANG_WARN_BLOCK_CAPTURE_AUTORELEASING = YES;
				CLANG_WARN_BOOL_CONVERSION = YES;
				CLANG_WARN_COMMA = YES;
				CLANG_WARN_CONSTANT_CONVERSION = YES;
				CLANG_WARN_DEPRECATED_OBJC_IMPLEMENTATIONS = YES;
				CLANG_WARN_DIRECT_OBJC_ISA_USAGE = YES_ERROR;
				CLANG_WARN_DOCUMENTATION_COMMENTS = YES;
				CLANG_WARN_EMPTY_BODY = YES;
				CLANG_WARN_ENUM_CONVERSION = YES;
				CLANG_WARN_INFINITE_RECURSION = YES;
				CLANG_WARN_INT_CONVERSION = YES;
				CLANG_WARN_NON_LITERAL_NULL_CONVERSION = YES;
				CLANG_WARN_OBJC_IMPLICIT_RETAIN_SELF = YES;
				CLANG_WARN_OBJC_LITERAL_CONVERSION = YES;
				CLANG_WARN_OBJC_ROOT_CLASS = YES_ERROR;
				CLANG_WARN_QUOTED_INCLUDE_IN_FRAMEWORK_HEADER = YES;
				CLANG_WARN_RANGE_LOOP_ANALYSIS = YES;
				CLANG_WARN_STRICT_PROTOTYPES = YES;
				CLANG_WARN_SUSPICIOUS_MOVE = YES;
				CLANG_WARN_UNGUARDED_AVAILABILITY = YES_AGGRESSIVE;
				CLANG_WARN_UNREACHABLE_CODE = YES;
				CLANG_WARN__DUPLICATE_METHOD_MATCH = YES;
				COPY_PHASE_STRIP = NO;
				DEBUG_INFORMATION_FORMAT = dwarf;
				ENABLE_STRICT_OBJC_MSGSEND = YES;
				ENABLE_TESTABILITY = YES;
				GCC_C_LANGUAGE_STANDARD = gnu11;
				GCC_DYNAMIC_NO_PIC = NO;
				GCC_NO_COMMON_BLOCKS = YES;
				GCC_OPTIMIZATION_LEVEL = 0;
				GCC_PREPROCESSOR_DEFINITIONS = (
					"DEBUG=1",
					"$(inherited)",
				);
				GCC_WARN_64_TO_32_BIT_CONVERSION = YES;
				GCC_WARN_ABOUT_RETURN_TYPE = YES_ERROR;
				GCC_WARN_UNDECLARED_SELECTOR = YES;
				GCC_WARN_UNINITIALIZED_AUTOS = YES_AGGRESSIVE;
				GCC_WARN_UNUSED_FUNCTION = YES;
				GCC_WARN_UNUSED_VARIABLE = YES;
				IPHONEOS_DEPLOYMENT_TARGET = 11.0;
				MTL_ENABLE_DEBUG_INFO = INCLUDE_SOURCE;
				MTL_FAST_MATH = YES;
				ONLY_ACTIVE_ARCH = YES;
				SDKROOT = iphoneos;
			};
			name = Debug;
		};
		788DADB32771FA9A00D3C37D /* Release */ = {
			isa = XCBuildConfiguration;
			buildSettings = {
				ALWAYS_SEARCH_USER_PATHS = NO;
				CLANG_ANALYZER_NONNULL = YES;
				CLANG_ANALYZER_NUMBER_OBJECT_CONVERSION = YES_AGGRESSIVE;
				CLANG_CXX_LANGUAGE_STANDARD = "gnu++14";
				CLANG_CXX_LIBRARY = "libc++";
				CLANG_ENABLE_MODULES = YES;
				CLANG_ENABLE_OBJC_ARC = YES;
				CLANG_ENABLE_OBJC_WEAK = YES;
				CLANG_WARN_BLOCK_CAPTURE_AUTORELEASING = YES;
				CLANG_WARN_BOOL_CONVERSION = YES;
				CLANG_WARN_COMMA = YES;
				CLANG_WARN_CONSTANT_CONVERSION = YES;
				CLANG_WARN_DEPRECATED_OBJC_IMPLEMENTATIONS = YES;
				CLANG_WARN_DIRECT_OBJC_ISA_USAGE = YES_ERROR;
				CLANG_WARN_DOCUMENTATION_COMMENTS = YES;
				CLANG_WARN_EMPTY_BODY = YES;
				CLANG_WARN_ENUM_CONVERSION = YES;
				CLANG_WARN_INFINITE_RECURSION = YES;
				CLANG_WARN_INT_CONVERSION = YES;
				CLANG_WARN_NON_LITERAL_NULL_CONVERSION = YES;
				CLANG_WARN_OBJC_IMPLICIT_RETAIN_SELF = YES;
				CLANG_WARN_OBJC_LITERAL_CONVERSION = YES;
				CLANG_WARN_OBJC_ROOT_CLASS = YES_ERROR;
				CLANG_WARN_QUOTED_INCLUDE_IN_FRAMEWORK_HEADER = YES;
				CLANG_WARN_RANGE_LOOP_ANALYSIS = YES;
				CLANG_WARN_STRICT_PROTOTYPES = YES;
				CLANG_WARN_SUSPICIOUS_MOVE = YES;
				CLANG_WARN_UNGUARDED_AVAILABILITY = YES_AGGRESSIVE;
				CLANG_WARN_UNREACHABLE_CODE = YES;
				CLANG_WARN__DUPLICATE_METHOD_MATCH = YES;
				COPY_PHASE_STRIP = NO;
				DEBUG_INFORMATION_FORMAT = "dwarf-with-dsym";
				ENABLE_NS_ASSERTIONS = NO;
				ENABLE_STRICT_OBJC_MSGSEND = YES;
				GCC_C_LANGUAGE_STANDARD = gnu11;
				GCC_NO_COMMON_BLOCKS = YES;
				GCC_WARN_64_TO_32_BIT_CONVERSION = YES;
				GCC_WARN_ABOUT_RETURN_TYPE = YES_ERROR;
				GCC_WARN_UNDECLARED_SELECTOR = YES;
				GCC_WARN_UNINITIALIZED_AUTOS = YES_AGGRESSIVE;
				GCC_WARN_UNUSED_FUNCTION = YES;
				GCC_WARN_UNUSED_VARIABLE = YES;
				IPHONEOS_DEPLOYMENT_TARGET = 11.0;
				MTL_ENABLE_DEBUG_INFO = NO;
				MTL_FAST_MATH = YES;
				SDKROOT = iphoneos;
				VALIDATE_PRODUCT = YES;
			};
			name = Release;
		};
		788DADB52771FA9A00D3C37D /* Debug */ = {
			isa = XCBuildConfiguration;
			buildSettings = {
				ASSETCATALOG_COMPILER_APPICON_NAME = AppIcon;
				ASSETCATALOG_COMPILER_GLOBAL_ACCENT_COLOR_NAME = AccentColor;
				CODE_SIGN_STYLE = Automatic;
				DEVELOPMENT_TEAM = NNWMV59U7L;
				INFOPLIST_FILE = MultiDelegateDemo/Info.plist;
				LD_RUNPATH_SEARCH_PATHS = (
					"$(inherited)",
					"@executable_path/Frameworks",
				);
				PRODUCT_BUNDLE_IDENTIFIER = com.larry.MultiDelegateDemo;
				PRODUCT_NAME = "$(TARGET_NAME)";
				TARGETED_DEVICE_FAMILY = "1,2";
			};
			name = Debug;
		};
		788DADB62771FA9A00D3C37D /* Release */ = {
			isa = XCBuildConfiguration;
			buildSettings = {
				ASSETCATALOG_COMPILER_APPICON_NAME = AppIcon;
				ASSETCATALOG_COMPILER_GLOBAL_ACCENT_COLOR_NAME = AccentColor;
				CODE_SIGN_STYLE = Automatic;
				DEVELOPMENT_TEAM = NNWMV59U7L;
				INFOPLIST_FILE = MultiDelegateDemo/Info.plist;
				LD_RUNPATH_SEARCH_PATHS = (
					"$(inherited)",
					"@executable_path/Frameworks",
				);
				PRODUCT_BUNDLE_IDENTIFIER = com.larry.MultiDelegateDemo;
				PRODUCT_NAME = "$(TARGET_NAME)";
				TARGETED_DEVICE_FAMILY = "1,2";
			};
			name = Release;
		};
/* End XCBuildConfiguration section */

/* Begin XCConfigurationList section */
		788DAD962771FA9900D3C37D /* Build configuration list for PBXProject "MultiDelegateDemo" */ = {
			isa = XCConfigurationList;
			buildConfigurations = (
				788DADB22771FA9A00D3C37D /* Debug */,
				788DADB32771FA9A00D3C37D /* Release */,
			);
			defaultConfigurationIsVisible = 0;
			defaultConfigurationName = Release;
		};
		788DADB42771FA9A00D3C37D /* Build configuration list for PBXNativeTarget "MultiDelegateDemo" */ = {
			isa = XCConfigurationList;
			buildConfigurations = (
				788DADB52771FA9A00D3C37D /* Debug */,
				788DADB62771FA9A00D3C37D /* Release */,
			);
			defaultConfigurationIsVisible = 0;
			defaultConfigurationName = Release;
		};
/* End XCConfigurationList section */
	};
	rootObject = 788DAD932771FA9900D3C37D /* Project object */;
}
